// !$*UTF8*$!
{
	archiveVersion = 1;
	classes = {
	};
	objectVersion = 46;
	objects = {

/* Begin PBXBuildFile section */
		891317841E6D3D1600C11D71 /* ExerciseCell.swift in Sources */ = {isa = PBXBuildFile; fileRef = 891317831E6D3D1600C11D71 /* ExerciseCell.swift */; };
		891317861E6D429F00C11D71 /* ExerciseViewController.swift in Sources */ = {isa = PBXBuildFile; fileRef = 891317851E6D429F00C11D71 /* ExerciseViewController.swift */; };
		891317891E6D570400C11D71 /* Main.storyboard in Resources */ = {isa = PBXBuildFile; fileRef = 891317871E6D570400C11D71 /* Main.storyboard */; };
		8913178B1E6D5AE600C11D71 /* Exercise.swift in Sources */ = {isa = PBXBuildFile; fileRef = 8913178A1E6D5AE600C11D71 /* Exercise.swift */; };
		8913178F1E6D5BA400C11D71 /* Feedback.swift in Sources */ = {isa = PBXBuildFile; fileRef = 8913178E1E6D5BA400C11D71 /* Feedback.swift */; };
		8986A53F1E67941000665557 /* AppDelegate.swift in Sources */ = {isa = PBXBuildFile; fileRef = 8986A53E1E67941000665557 /* AppDelegate.swift */; };
		8986A5411E67941000665557 /* ExercisesTableViewController.swift in Sources */ = {isa = PBXBuildFile; fileRef = 8986A5401E67941000665557 /* ExercisesTableViewController.swift */; };
		8986A5431E67941000665557 /* ResourcesViewController.swift in Sources */ = {isa = PBXBuildFile; fileRef = 8986A5421E67941000665557 /* ResourcesViewController.swift */; };
		8986A5481E67941000665557 /* Assets.xcassets in Resources */ = {isa = PBXBuildFile; fileRef = 8986A5471E67941000665557 /* Assets.xcassets */; };
		8986A54B1E67941000665557 /* LaunchScreen.storyboard in Resources */ = {isa = PBXBuildFile; fileRef = 8986A5491E67941000665557 /* LaunchScreen.storyboard */; };
		8986A5561E67941100665557 /* BreathifyTests.swift in Sources */ = {isa = PBXBuildFile; fileRef = 8986A5551E67941100665557 /* BreathifyTests.swift */; };
		8986A5611E67941100665557 /* BreathifyUITests.swift in Sources */ = {isa = PBXBuildFile; fileRef = 8986A5601E67941100665557 /* BreathifyUITests.swift */; };
/* End PBXBuildFile section */

/* Begin PBXContainerItemProxy section */
		8986A5521E67941000665557 /* PBXContainerItemProxy */ = {
			isa = PBXContainerItemProxy;
			containerPortal = 8986A5331E67941000665557 /* Project object */;
			proxyType = 1;
			remoteGlobalIDString = 8986A53A1E67941000665557;
			remoteInfo = Breathify;
		};
		8986A55D1E67941100665557 /* PBXContainerItemProxy */ = {
			isa = PBXContainerItemProxy;
			containerPortal = 8986A5331E67941000665557 /* Project object */;
			proxyType = 1;
			remoteGlobalIDString = 8986A53A1E67941000665557;
			remoteInfo = Breathify;
		};
/* End PBXContainerItemProxy section */

/* Begin PBXFileReference section */
		891317831E6D3D1600C11D71 /* ExerciseCell.swift */ = {isa = PBXFileReference; fileEncoding = 4; lastKnownFileType = sourcecode.swift; path = ExerciseCell.swift; sourceTree = "<group>"; };
		891317851E6D429F00C11D71 /* ExerciseViewController.swift */ = {isa = PBXFileReference; fileEncoding = 4; lastKnownFileType = sourcecode.swift; path = ExerciseViewController.swift; sourceTree = "<group>"; };
		891317881E6D570400C11D71 /* Base */ = {isa = PBXFileReference; lastKnownFileType = file.storyboard; name = Base; path = Base.lproj/Main.storyboard; sourceTree = "<group>"; };
		8913178A1E6D5AE600C11D71 /* Exercise.swift */ = {isa = PBXFileReference; fileEncoding = 4; lastKnownFileType = sourcecode.swift; path = Exercise.swift; sourceTree = "<group>"; };
		8913178E1E6D5BA400C11D71 /* Feedback.swift */ = {isa = PBXFileReference; fileEncoding = 4; lastKnownFileType = sourcecode.swift; path = Feedback.swift; sourceTree = "<group>"; };
		8986A53B1E67941000665557 /* Breathify.app */ = {isa = PBXFileReference; explicitFileType = wrapper.application; includeInIndex = 0; path = Breathify.app; sourceTree = BUILT_PRODUCTS_DIR; };
		8986A53E1E67941000665557 /* AppDelegate.swift */ = {isa = PBXFileReference; lastKnownFileType = sourcecode.swift; path = AppDelegate.swift; sourceTree = "<group>"; };
		8986A5401E67941000665557 /* ExercisesTableViewController.swift */ = {isa = PBXFileReference; lastKnownFileType = sourcecode.swift; path = ExercisesTableViewController.swift; sourceTree = "<group>"; };
		8986A5421E67941000665557 /* ResourcesViewController.swift */ = {isa = PBXFileReference; lastKnownFileType = sourcecode.swift; path = ResourcesViewController.swift; sourceTree = "<group>"; };
		8986A5471E67941000665557 /* Assets.xcassets */ = {isa = PBXFileReference; lastKnownFileType = folder.assetcatalog; path = Assets.xcassets; sourceTree = "<group>"; };
		8986A54A1E67941000665557 /* Base */ = {isa = PBXFileReference; lastKnownFileType = file.storyboard; name = Base; path = Base.lproj/LaunchScreen.storyboard; sourceTree = "<group>"; };
		8986A54C1E67941000665557 /* Info.plist */ = {isa = PBXFileReference; lastKnownFileType = text.plist.xml; path = Info.plist; sourceTree = "<group>"; };
		8986A5511E67941000665557 /* BreathifyTests.xctest */ = {isa = PBXFileReference; explicitFileType = wrapper.cfbundle; includeInIndex = 0; path = BreathifyTests.xctest; sourceTree = BUILT_PRODUCTS_DIR; };
		8986A5551E67941100665557 /* BreathifyTests.swift */ = {isa = PBXFileReference; lastKnownFileType = sourcecode.swift; path = BreathifyTests.swift; sourceTree = "<group>"; };
		8986A5571E67941100665557 /* Info.plist */ = {isa = PBXFileReference; lastKnownFileType = text.plist.xml; path = Info.plist; sourceTree = "<group>"; };
		8986A55C1E67941100665557 /* BreathifyUITests.xctest */ = {isa = PBXFileReference; explicitFileType = wrapper.cfbundle; includeInIndex = 0; path = BreathifyUITests.xctest; sourceTree = BUILT_PRODUCTS_DIR; };
		8986A5601E67941100665557 /* BreathifyUITests.swift */ = {isa = PBXFileReference; lastKnownFileType = sourcecode.swift; path = BreathifyUITests.swift; sourceTree = "<group>"; };
		8986A5621E67941100665557 /* Info.plist */ = {isa = PBXFileReference; lastKnownFileType = text.plist.xml; path = Info.plist; sourceTree = "<group>"; };
/* End PBXFileReference section */

/* Begin PBXFrameworksBuildPhase section */
		8986A5381E67941000665557 /* Frameworks */ = {
			isa = PBXFrameworksBuildPhase;
			buildActionMask = 2147483647;
			files = (
			);
			runOnlyForDeploymentPostprocessing = 0;
		};
		8986A54E1E67941000665557 /* Frameworks */ = {
			isa = PBXFrameworksBuildPhase;
			buildActionMask = 2147483647;
			files = (
			);
			runOnlyForDeploymentPostprocessing = 0;
		};
		8986A5591E67941100665557 /* Frameworks */ = {
			isa = PBXFrameworksBuildPhase;
			buildActionMask = 2147483647;
			files = (
			);
			runOnlyForDeploymentPostprocessing = 0;
		};
/* End PBXFrameworksBuildPhase section */

/* Begin PBXGroup section */
		8986A5321E67941000665557 = {
			isa = PBXGroup;
			children = (
				8986A53D1E67941000665557 /* Breathify */,
				8986A5541E67941100665557 /* BreathifyTests */,
				8986A55F1E67941100665557 /* BreathifyUITests */,
				8986A53C1E67941000665557 /* Products */,
			);
			sourceTree = "<group>";
		};
		8986A53C1E67941000665557 /* Products */ = {
			isa = PBXGroup;
			children = (
				8986A53B1E67941000665557 /* Breathify.app */,
				8986A5511E67941000665557 /* BreathifyTests.xctest */,
				8986A55C1E67941100665557 /* BreathifyUITests.xctest */,
			);
			name = Products;
			sourceTree = "<group>";
		};
		8986A53D1E67941000665557 /* Breathify */ = {
			isa = PBXGroup;
			children = (
				8986A53E1E67941000665557 /* AppDelegate.swift */,
				8913178A1E6D5AE600C11D71 /* Exercise.swift */,
				8913178E1E6D5BA400C11D71 /* Feedback.swift */,
				891317831E6D3D1600C11D71 /* ExerciseCell.swift */,
				891317851E6D429F00C11D71 /* ExerciseViewController.swift */,
				8986A5401E67941000665557 /* ExercisesTableViewController.swift */,
				8986A5421E67941000665557 /* ResourcesViewController.swift */,
				8986A5471E67941000665557 /* Assets.xcassets */,
				891317871E6D570400C11D71 /* Main.storyboard */,
				8986A5491E67941000665557 /* LaunchScreen.storyboard */,
				8986A54C1E67941000665557 /* Info.plist */,
			);
			path = Breathify;
			sourceTree = "<group>";
		};
		8986A5541E67941100665557 /* BreathifyTests */ = {
			isa = PBXGroup;
			children = (
				8986A5551E67941100665557 /* BreathifyTests.swift */,
				8986A5571E67941100665557 /* Info.plist */,
			);
			path = BreathifyTests;
			sourceTree = "<group>";
		};
		8986A55F1E67941100665557 /* BreathifyUITests */ = {
			isa = PBXGroup;
			children = (
				8986A5601E67941100665557 /* BreathifyUITests.swift */,
				8986A5621E67941100665557 /* Info.plist */,
			);
			path = BreathifyUITests;
			sourceTree = "<group>";
		};
/* End PBXGroup section */

/* Begin PBXNativeTarget section */
		8986A53A1E67941000665557 /* Breathify */ = {
			isa = PBXNativeTarget;
			buildConfigurationList = 8986A5651E67941100665557 /* Build configuration list for PBXNativeTarget "Breathify" */;
			buildPhases = (
				8986A5371E67941000665557 /* Sources */,
				8986A5381E67941000665557 /* Frameworks */,
				8986A5391E67941000665557 /* Resources */,
			);
			buildRules = (
			);
			dependencies = (
			);
			name = Breathify;
			productName = Breathify;
			productReference = 8986A53B1E67941000665557 /* Breathify.app */;
			productType = "com.apple.product-type.application";
		};
		8986A5501E67941000665557 /* BreathifyTests */ = {
			isa = PBXNativeTarget;
			buildConfigurationList = 8986A5681E67941100665557 /* Build configuration list for PBXNativeTarget "BreathifyTests" */;
			buildPhases = (
				8986A54D1E67941000665557 /* Sources */,
				8986A54E1E67941000665557 /* Frameworks */,
				8986A54F1E67941000665557 /* Resources */,
			);
			buildRules = (
			);
			dependencies = (
				8986A5531E67941000665557 /* PBXTargetDependency */,
			);
			name = BreathifyTests;
			productName = BreathifyTests;
			productReference = 8986A5511E67941000665557 /* BreathifyTests.xctest */;
			productType = "com.apple.product-type.bundle.unit-test";
		};
		8986A55B1E67941100665557 /* BreathifyUITests */ = {
			isa = PBXNativeTarget;
			buildConfigurationList = 8986A56B1E67941100665557 /* Build configuration list for PBXNativeTarget "BreathifyUITests" */;
			buildPhases = (
				8986A5581E67941100665557 /* Sources */,
				8986A5591E67941100665557 /* Frameworks */,
				8986A55A1E67941100665557 /* Resources */,
			);
			buildRules = (
			);
			dependencies = (
				8986A55E1E67941100665557 /* PBXTargetDependency */,
			);
			name = BreathifyUITests;
			productName = BreathifyUITests;
			productReference = 8986A55C1E67941100665557 /* BreathifyUITests.xctest */;
			productType = "com.apple.product-type.bundle.ui-testing";
		};
/* End PBXNativeTarget section */

/* Begin PBXProject section */
		8986A5331E67941000665557 /* Project object */ = {
			isa = PBXProject;
			attributes = {
				LastSwiftUpdateCheck = 0820;
				LastUpgradeCheck = 0820;
				ORGANIZATIONNAME = "Group Nein";
				TargetAttributes = {
					8986A53A1E67941000665557 = {
						CreatedOnToolsVersion = 8.2.1;
						ProvisioningStyle = Automatic;
					};
					8986A5501E67941000665557 = {
						CreatedOnToolsVersion = 8.2.1;
						ProvisioningStyle = Automatic;
						TestTargetID = 8986A53A1E67941000665557;
					};
					8986A55B1E67941100665557 = {
						CreatedOnToolsVersion = 8.2.1;
						ProvisioningStyle = Automatic;
						TestTargetID = 8986A53A1E67941000665557;
					};
				};
			};
			buildConfigurationList = 8986A5361E67941000665557 /* Build configuration list for PBXProject "Breathify" */;
			compatibilityVersion = "Xcode 3.2";
			developmentRegion = English;
			hasScannedForEncodings = 0;
			knownRegions = (
				en,
				Base,
			);
			mainGroup = 8986A5321E67941000665557;
			productRefGroup = 8986A53C1E67941000665557 /* Products */;
			projectDirPath = "";
			projectRoot = "";
			targets = (
				8986A53A1E67941000665557 /* Breathify */,
				8986A5501E67941000665557 /* BreathifyTests */,
				8986A55B1E67941100665557 /* BreathifyUITests */,
			);
		};
/* End PBXProject section */

/* Begin PBXResourcesBuildPhase section */
		8986A5391E67941000665557 /* Resources */ = {
			isa = PBXResourcesBuildPhase;
			buildActionMask = 2147483647;
			files = (
				891317891E6D570400C11D71 /* Main.storyboard in Resources */,
				8986A54B1E67941000665557 /* LaunchScreen.storyboard in Resources */,
				8986A5481E67941000665557 /* Assets.xcassets in Resources */,
			);
			runOnlyForDeploymentPostprocessing = 0;
		};
		8986A54F1E67941000665557 /* Resources */ = {
			isa = PBXResourcesBuildPhase;
			buildActionMask = 2147483647;
			files = (
			);
			runOnlyForDeploymentPostprocessing = 0;
		};
		8986A55A1E67941100665557 /* Resources */ = {
			isa = PBXResourcesBuildPhase;
			buildActionMask = 2147483647;
			files = (
			);
			runOnlyForDeploymentPostprocessing = 0;
		};
/* End PBXResourcesBuildPhase section */

/* Begin PBXSourcesBuildPhase section */
		8986A5371E67941000665557 /* Sources */ = {
			isa = PBXSourcesBuildPhase;
			buildActionMask = 2147483647;
			files = (
				8986A5431E67941000665557 /* ResourcesViewController.swift in Sources */,
				891317861E6D429F00C11D71 /* ExerciseViewController.swift in Sources */,
				891317841E6D3D1600C11D71 /* ExerciseCell.swift in Sources */,
				8986A53F1E67941000665557 /* AppDelegate.swift in Sources */,
				8986A5411E67941000665557 /* ExercisesTableViewController.swift in Sources */,
				8913178F1E6D5BA400C11D71 /* Feedback.swift in Sources */,
				8913178B1E6D5AE600C11D71 /* Exercise.swift in Sources */,
			);
			runOnlyForDeploymentPostprocessing = 0;
		};
		8986A54D1E67941000665557 /* Sources */ = {
			isa = PBXSourcesBuildPhase;
			buildActionMask = 2147483647;
			files = (
				8986A5561E67941100665557 /* BreathifyTests.swift in Sources */,
			);
			runOnlyForDeploymentPostprocessing = 0;
		};
		8986A5581E67941100665557 /* Sources */ = {
			isa = PBXSourcesBuildPhase;
			buildActionMask = 2147483647;
			files = (
				8986A5611E67941100665557 /* BreathifyUITests.swift in Sources */,
			);
			runOnlyForDeploymentPostprocessing = 0;
		};
/* End PBXSourcesBuildPhase section */

/* Begin PBXTargetDependency section */
		8986A5531E67941000665557 /* PBXTargetDependency */ = {
			isa = PBXTargetDependency;
			target = 8986A53A1E67941000665557 /* Breathify */;
			targetProxy = 8986A5521E67941000665557 /* PBXContainerItemProxy */;
		};
		8986A55E1E67941100665557 /* PBXTargetDependency */ = {
			isa = PBXTargetDependency;
			target = 8986A53A1E67941000665557 /* Breathify */;
			targetProxy = 8986A55D1E67941100665557 /* PBXContainerItemProxy */;
		};
/* End PBXTargetDependency section */

/* Begin PBXVariantGroup section */
		891317871E6D570400C11D71 /* Main.storyboard */ = {
			isa = PBXVariantGroup;
			children = (
				891317881E6D570400C11D71 /* Base */,
			);
			name = Main.storyboard;
			sourceTree = "<group>";
		};
		8986A5491E67941000665557 /* LaunchScreen.storyboard */ = {
			isa = PBXVariantGroup;
			children = (
				8986A54A1E67941000665557 /* Base */,
			);
			name = LaunchScreen.storyboard;
			sourceTree = "<group>";
		};
/* End PBXVariantGroup section */

/* Begin XCBuildConfiguration section */
		8986A5631E67941100665557 /* Debug */ = {
			isa = XCBuildConfiguration;
			buildSettings = {
				ALWAYS_SEARCH_USER_PATHS = NO;
				CLANG_ANALYZER_NONNULL = YES;
				CLANG_CXX_LANGUAGE_STANDARD = "gnu++0x";
				CLANG_CXX_LIBRARY = "libc++";
				CLANG_ENABLE_MODULES = YES;
				CLANG_ENABLE_OBJC_ARC = YES;
				CLANG_WARN_BOOL_CONVERSION = YES;
				CLANG_WARN_CONSTANT_CONVERSION = YES;
				CLANG_WARN_DIRECT_OBJC_ISA_USAGE = YES_ERROR;
				CLANG_WARN_DOCUMENTATION_COMMENTS = YES;
				CLANG_WARN_EMPTY_BODY = YES;
				CLANG_WARN_ENUM_CONVERSION = YES;
				CLANG_WARN_INFINITE_RECURSION = YES;
				CLANG_WARN_INT_CONVERSION = YES;
				CLANG_WARN_OBJC_ROOT_CLASS = YES_ERROR;
				CLANG_WARN_SUSPICIOUS_MOVE = YES;
				CLANG_WARN_UNREACHABLE_CODE = YES;
				CLANG_WARN__DUPLICATE_METHOD_MATCH = YES;
				"CODE_SIGN_IDENTITY[sdk=iphoneos*]" = "iPhone Developer";
				COPY_PHASE_STRIP = NO;
				DEBUG_INFORMATION_FORMAT = dwarf;
				ENABLE_STRICT_OBJC_MSGSEND = YES;
				ENABLE_TESTABILITY = YES;
				GCC_C_LANGUAGE_STANDARD = gnu99;
				GCC_DYNAMIC_NO_PIC = NO;
				GCC_NO_COMMON_BLOCKS = YES;
				GCC_OPTIMIZATION_LEVEL = 0;
				GCC_PREPROCESSOR_DEFINITIONS = (
					"DEBUG=1",
					"$(inherited)",
				);
				GCC_WARN_64_TO_32_BIT_CONVERSION = YES;
				GCC_WARN_ABOUT_RETURN_TYPE = YES_ERROR;
				GCC_WARN_UNDECLARED_SELECTOR = YES;
				GCC_WARN_UNINITIALIZED_AUTOS = YES_AGGRESSIVE;
				GCC_WARN_UNUSED_FUNCTION = YES;
				GCC_WARN_UNUSED_VARIABLE = YES;
				IPHONEOS_DEPLOYMENT_TARGET = 10.2;
				MTL_ENABLE_DEBUG_INFO = YES;
				ONLY_ACTIVE_ARCH = YES;
				SDKROOT = iphoneos;
				SWIFT_ACTIVE_COMPILATION_CONDITIONS = DEBUG;
				SWIFT_OPTIMIZATION_LEVEL = "-Onone";
				TARGETED_DEVICE_FAMILY = "1,2";
			};
			name = Debug;
		};
		8986A5641E67941100665557 /* Release */ = {
			isa = XCBuildConfiguration;
			buildSettings = {
				ALWAYS_SEARCH_USER_PATHS = NO;
				CLANG_ANALYZER_NONNULL = YES;
				CLANG_CXX_LANGUAGE_STANDARD = "gnu++0x";
				CLANG_CXX_LIBRARY = "libc++";
				CLANG_ENABLE_MODULES = YES;
				CLANG_ENABLE_OBJC_ARC = YES;
				CLANG_WARN_BOOL_CONVERSION = YES;
				CLANG_WARN_CONSTANT_CONVERSION = YES;
				CLANG_WARN_DIRECT_OBJC_ISA_USAGE = YES_ERROR;
				CLANG_WARN_DOCUMENTATION_COMMENTS = YES;
				CLANG_WARN_EMPTY_BODY = YES;
				CLANG_WARN_ENUM_CONVERSION = YES;
				CLANG_WARN_INFINITE_RECURSION = YES;
				CLANG_WARN_INT_CONVERSION = YES;
				CLANG_WARN_OBJC_ROOT_CLASS = YES_ERROR;
				CLANG_WARN_SUSPICIOUS_MOVE = YES;
				CLANG_WARN_UNREACHABLE_CODE = YES;
				CLANG_WARN__DUPLICATE_METHOD_MATCH = YES;
				"CODE_SIGN_IDENTITY[sdk=iphoneos*]" = "iPhone Developer";
				COPY_PHASE_STRIP = NO;
				DEBUG_INFORMATION_FORMAT = "dwarf-with-dsym";
				ENABLE_NS_ASSERTIONS = NO;
				ENABLE_STRICT_OBJC_MSGSEND = YES;
				GCC_C_LANGUAGE_STANDARD = gnu99;
				GCC_NO_COMMON_BLOCKS = YES;
				GCC_WARN_64_TO_32_BIT_CONVERSION = YES;
				GCC_WARN_ABOUT_RETURN_TYPE = YES_ERROR;
				GCC_WARN_UNDECLARED_SELECTOR = YES;
				GCC_WARN_UNINITIALIZED_AUTOS = YES_AGGRESSIVE;
				GCC_WARN_UNUSED_FUNCTION = YES;
				GCC_WARN_UNUSED_VARIABLE = YES;
				IPHONEOS_DEPLOYMENT_TARGET = 10.2;
				MTL_ENABLE_DEBUG_INFO = NO;
				SDKROOT = iphoneos;
				SWIFT_OPTIMIZATION_LEVEL = "-Owholemodule";
				TARGETED_DEVICE_FAMILY = "1,2";
				VALIDATE_PRODUCT = YES;
			};
			name = Release;
		};
		8986A5661E67941100665557 /* Debug */ = {
			isa = XCBuildConfiguration;
			buildSettings = {
				ASSETCATALOG_COMPILER_APPICON_NAME = AppIcon;
				DEFINES_MODULE = YES;
				INFOPLIST_FILE = Breathify/Info.plist;
				LD_RUNPATH_SEARCH_PATHS = "$(inherited) @executable_path/Frameworks";
				PRODUCT_BUNDLE_IDENTIFIER = com.groupnein.Breathify;
				PRODUCT_NAME = "$(TARGET_NAME)";
				SWIFT_VERSION = 3.0;
			};
			name = Debug;
		};
		8986A5671E67941100665557 /* Release */ = {
			isa = XCBuildConfiguration;
			buildSettings = {
				ASSETCATALOG_COMPILER_APPICON_NAME = AppIcon;
				DEFINES_MODULE = YES;
				INFOPLIST_FILE = Breathify/Info.plist;
				LD_RUNPATH_SEARCH_PATHS = "$(inherited) @executable_path/Frameworks";
				PRODUCT_BUNDLE_IDENTIFIER = com.groupnein.Breathify;
				PRODUCT_NAME = "$(TARGET_NAME)";
				SWIFT_VERSION = 3.0;
			};
			name = Release;
		};
		8986A5691E67941100665557 /* Debug */ = {
			isa = XCBuildConfiguration;
			buildSettings = {
				ALWAYS_EMBED_SWIFT_STANDARD_LIBRARIES = YES;
				BUNDLE_LOADER = "$(TEST_HOST)";
				INFOPLIST_FILE = BreathifyTests/Info.plist;
				LD_RUNPATH_SEARCH_PATHS = "$(inherited) @executable_path/Frameworks @loader_path/Frameworks";
				PRODUCT_BUNDLE_IDENTIFIER = com.groupnein.BreathifyTests;
				PRODUCT_NAME = "$(TARGET_NAME)";
				SWIFT_VERSION = 3.0;
				TEST_HOST = "$(BUILT_PRODUCTS_DIR)/Breathify.app/Breathify";
			};
			name = Debug;
		};
		8986A56A1E67941100665557 /* Release */ = {
			isa = XCBuildConfiguration;
			buildSettings = {
				ALWAYS_EMBED_SWIFT_STANDARD_LIBRARIES = YES;
				BUNDLE_LOADER = "$(TEST_HOST)";
				INFOPLIST_FILE = BreathifyTests/Info.plist;
				LD_RUNPATH_SEARCH_PATHS = "$(inherited) @executable_path/Frameworks @loader_path/Frameworks";
				PRODUCT_BUNDLE_IDENTIFIER = com.groupnein.BreathifyTests;
				PRODUCT_NAME = "$(TARGET_NAME)";
				SWIFT_VERSION = 3.0;
				TEST_HOST = "$(BUILT_PRODUCTS_DIR)/Breathify.app/Breathify";
			};
			name = Release;
		};
		8986A56C1E67941100665557 /* Debug */ = {
			isa = XCBuildConfiguration;
			buildSettings = {
				ALWAYS_EMBED_SWIFT_STANDARD_LIBRARIES = YES;
				INFOPLIST_FILE = BreathifyUITests/Info.plist;
				LD_RUNPATH_SEARCH_PATHS = "$(inherited) @executable_path/Frameworks @loader_path/Frameworks";
				PRODUCT_BUNDLE_IDENTIFIER = com.groupnein.BreathifyUITests;
				PRODUCT_NAME = "$(TARGET_NAME)";
				SWIFT_VERSION = 3.0;
				TEST_TARGET_NAME = Breathify;
			};
			name = Debug;
		};
		8986A56D1E67941100665557 /* Release */ = {
			isa = XCBuildConfiguration;
			buildSettings = {
				ALWAYS_EMBED_SWIFT_STANDARD_LIBRARIES = YES;
				INFOPLIST_FILE = BreathifyUITests/Info.plist;
				LD_RUNPATH_SEARCH_PATHS = "$(inherited) @executable_path/Frameworks @loader_path/Frameworks";
				PRODUCT_BUNDLE_IDENTIFIER = com.groupnein.BreathifyUITests;
				PRODUCT_NAME = "$(TARGET_NAME)";
				SWIFT_VERSION = 3.0;
				TEST_TARGET_NAME = Breathify;
			};
			name = Release;
		};
/* End XCBuildConfiguration section */

/* Begin XCConfigurationList section */
		8986A5361E67941000665557 /* Build configuration list for PBXProject "Breathify" */ = {
			isa = XCConfigurationList;
			buildConfigurations = (
				8986A5631E67941100665557 /* Debug */,
				8986A5641E67941100665557 /* Release */,
			);
			defaultConfigurationIsVisible = 0;
			defaultConfigurationName = Release;
		};
		8986A5651E67941100665557 /* Build configuration list for PBXNativeTarget "Breathify" */ = {
			isa = XCConfigurationList;
			buildConfigurations = (
				8986A5661E67941100665557 /* Debug */,
				8986A5671E67941100665557 /* Release */,
			);
			defaultConfigurationIsVisible = 0;
			defaultConfigurationName = Release;
		};
		8986A5681E67941100665557 /* Build configuration list for PBXNativeTarget "BreathifyTests" */ = {
			isa = XCConfigurationList;
			buildConfigurations = (
				8986A5691E67941100665557 /* Debug */,
				8986A56A1E67941100665557 /* Release */,
			);
			defaultConfigurationIsVisible = 0;
			defaultConfigurationName = Release;
		};
		8986A56B1E67941100665557 /* Build configuration list for PBXNativeTarget "BreathifyUITests" */ = {
			isa = XCConfigurationList;
			buildConfigurations = (
				8986A56C1E67941100665557 /* Debug */,
				8986A56D1E67941100665557 /* Release */,
			);
			defaultConfigurationIsVisible = 0;
			defaultConfigurationName = Release;
		};
/* End XCConfigurationList section */
	};
	rootObject = 8986A5331E67941000665557 /* Project object */;
}
