// !$*UTF8*$!
{
	archiveVersion = 1;
	classes = {
	};
	objectVersion = 46;
	objects = {

/* Begin PBXBuildFile section */
		820B783672B35245464ED730 /* Pods_BreathifyTests.framework in Frameworks */ = {isa = PBXBuildFile; fileRef = 01EAA0ABE24AA7AED5826843 /* Pods_BreathifyTests.framework */; };
		891317841E6D3D1600C11D71 /* ExerciseCell.swift in Sources */ = {isa = PBXBuildFile; fileRef = 891317831E6D3D1600C11D71 /* ExerciseCell.swift */; };
		891317861E6D429F00C11D71 /* ExerciseViewController.swift in Sources */ = {isa = PBXBuildFile; fileRef = 891317851E6D429F00C11D71 /* ExerciseViewController.swift */; };
		891317891E6D570400C11D71 /* Main.storyboard in Resources */ = {isa = PBXBuildFile; fileRef = 891317871E6D570400C11D71 /* Main.storyboard */; };
		8913178B1E6D5AE600C11D71 /* Exercise.swift in Sources */ = {isa = PBXBuildFile; fileRef = 8913178A1E6D5AE600C11D71 /* Exercise.swift */; };
		8913178F1E6D5BA400C11D71 /* Feedback.swift in Sources */ = {isa = PBXBuildFile; fileRef = 8913178E1E6D5BA400C11D71 /* Feedback.swift */; };
		891317911E6E322100C11D71 /* TimerBasedViewController.swift in Sources */ = {isa = PBXBuildFile; fileRef = 891317901E6E322100C11D71 /* TimerBasedViewController.swift */; };
		8986A53F1E67941000665557 /* AppDelegate.swift in Sources */ = {isa = PBXBuildFile; fileRef = 8986A53E1E67941000665557 /* AppDelegate.swift */; };
		8986A5411E67941000665557 /* ExercisesTableViewController.swift in Sources */ = {isa = PBXBuildFile; fileRef = 8986A5401E67941000665557 /* ExercisesTableViewController.swift */; };
		8986A5431E67941000665557 /* ResourcesViewController.swift in Sources */ = {isa = PBXBuildFile; fileRef = 8986A5421E67941000665557 /* ResourcesViewController.swift */; };
		8986A5481E67941000665557 /* Assets.xcassets in Resources */ = {isa = PBXBuildFile; fileRef = 8986A5471E67941000665557 /* Assets.xcassets */; };
		8986A54B1E67941000665557 /* LaunchScreen.storyboard in Resources */ = {isa = PBXBuildFile; fileRef = 8986A5491E67941000665557 /* LaunchScreen.storyboard */; };
		8986A5561E67941100665557 /* BreathifyTests.swift in Sources */ = {isa = PBXBuildFile; fileRef = 8986A5551E67941100665557 /* BreathifyTests.swift */; };
		8986A5611E67941100665557 /* BreathifyUITests.swift in Sources */ = {isa = PBXBuildFile; fileRef = 8986A5601E67941100665557 /* BreathifyUITests.swift */; };
		9688F3A61E91B52F008A7690 /* breath.mp3 in Resources */ = {isa = PBXBuildFile; fileRef = 9688F3A31E91B52F008A7690 /* breath.mp3 */; };
		9688F3A71E91B52F008A7690 /* hold.mp3 in Resources */ = {isa = PBXBuildFile; fileRef = 9688F3A41E91B52F008A7690 /* hold.mp3 */; };
		9688F3A81E91B52F008A7690 /* out.mp3 in Resources */ = {isa = PBXBuildFile; fileRef = 9688F3A51E91B52F008A7690 /* out.mp3 */; };
		96AA84071E8E344A005F2BDC /* 0.mp3 in Resources */ = {isa = PBXBuildFile; fileRef = 96AA84061E8E344A005F2BDC /* 0.mp3 */; };
		96AA840B1E8E3E57005F2BDC /* zero.mp3 in Resources */ = {isa = PBXBuildFile; fileRef = 96AA840A1E8E3E57005F2BDC /* zero.mp3 */; };
		96AA840D1E8E3FC8005F2BDC /* one.mp3 in Resources */ = {isa = PBXBuildFile; fileRef = 96AA840C1E8E3FC8005F2BDC /* one.mp3 */; };
		96AA84151E8E4600005F2BDC /* three.mp3 in Resources */ = {isa = PBXBuildFile; fileRef = 96AA840E1E8E4600005F2BDC /* three.mp3 */; };
		96AA84161E8E4600005F2BDC /* seven.mp3 in Resources */ = {isa = PBXBuildFile; fileRef = 96AA840F1E8E4600005F2BDC /* seven.mp3 */; };
		96AA84171E8E4600005F2BDC /* six.mp3 in Resources */ = {isa = PBXBuildFile; fileRef = 96AA84101E8E4600005F2BDC /* six.mp3 */; };
		96AA84181E8E4600005F2BDC /* five.mp3 in Resources */ = {isa = PBXBuildFile; fileRef = 96AA84111E8E4600005F2BDC /* five.mp3 */; };
		96AA84191E8E4600005F2BDC /* two.mp3 in Resources */ = {isa = PBXBuildFile; fileRef = 96AA84121E8E4600005F2BDC /* two.mp3 */; };
		96AA841A1E8E4600005F2BDC /* eight.mp3 in Resources */ = {isa = PBXBuildFile; fileRef = 96AA84131E8E4600005F2BDC /* eight.mp3 */; };
		96AA841B1E8E4600005F2BDC /* four.mp3 in Resources */ = {isa = PBXBuildFile; fileRef = 96AA84141E8E4600005F2BDC /* four.mp3 */; };
		96B699191E81EC9D0055716D /* TimerModeViewController.swift in Sources */ = {isa = PBXBuildFile; fileRef = 96B699181E81EC9D0055716D /* TimerModeViewController.swift */; };
		96B6991B1E81F1790055716D /* TimerBasedNormalMode.swift in Sources */ = {isa = PBXBuildFile; fileRef = 96B6991A1E81F1790055716D /* TimerBasedNormalMode.swift */; };
		9B4DD2891E8C7F78004735B6 /* newUserViewController.swift in Sources */ = {isa = PBXBuildFile; fileRef = 9B4DD2881E8C7F78004735B6 /* newUserViewController.swift */; };
		9BC81FF31E9027FE000AABDC /* FriendsListTableViewController.swift in Sources */ = {isa = PBXBuildFile; fileRef = 9BC81FF21E9027FE000AABDC /* FriendsListTableViewController.swift */; };
		9BC81FF51E905319000AABDC /* FriendsListTableViewCell.swift in Sources */ = {isa = PBXBuildFile; fileRef = 9BC81FF41E905319000AABDC /* FriendsListTableViewCell.swift */; };
		9BC81FF71E9069AE000AABDC /* FriendDetailViewController.swift in Sources */ = {isa = PBXBuildFile; fileRef = 9BC81FF61E9069AE000AABDC /* FriendDetailViewController.swift */; };
		9BC9ED481E833D260032C8E5 /* LoginViewController.swift in Sources */ = {isa = PBXBuildFile; fileRef = 9BC9ED441E833D260032C8E5 /* LoginViewController.swift */; };
		9BC9ED491E833D260032C8E5 /* ProfileViewController.swift in Sources */ = {isa = PBXBuildFile; fileRef = 9BC9ED451E833D260032C8E5 /* ProfileViewController.swift */; };
		9BC9ED4A1E833D260032C8E5 /* UserSelectViewController.swift in Sources */ = {isa = PBXBuildFile; fileRef = 9BC9ED461E833D260032C8E5 /* UserSelectViewController.swift */; };
		9BC9ED4B1E833D260032C8E5 /* TabViewController.swift in Sources */ = {isa = PBXBuildFile; fileRef = 9BC9ED471E833D260032C8E5 /* TabViewController.swift */; };
		9BC9ED4E1E833D370032C8E5 /* CreateOnlineUserViewController.swift in Sources */ = {isa = PBXBuildFile; fileRef = 9BC9ED4C1E833D370032C8E5 /* CreateOnlineUserViewController.swift */; };
		9BC9ED4F1E833D370032C8E5 /* EditProfileViewController.swift in Sources */ = {isa = PBXBuildFile; fileRef = 9BC9ED4D1E833D370032C8E5 /* EditProfileViewController.swift */; };
		9BC9ED521E833DC10032C8E5 /* UserCollectionViewCell.swift in Sources */ = {isa = PBXBuildFile; fileRef = 9BC9ED501E833DC10032C8E5 /* UserCollectionViewCell.swift */; };
		9BC9ED531E833DC10032C8E5 /* UserProfile.swift in Sources */ = {isa = PBXBuildFile; fileRef = 9BC9ED511E833DC10032C8E5 /* UserProfile.swift */; };
		9BC9ED551E833E400032C8E5 /* GoogleService-Info.plist in Resources */ = {isa = PBXBuildFile; fileRef = 9BC9ED541E833E400032C8E5 /* GoogleService-Info.plist */; };
		A26FD11593EF697322529E23 /* Pods_BreathifyUITests.framework in Frameworks */ = {isa = PBXBuildFile; fileRef = B4C9C2CA60FCC53CCEE40FAF /* Pods_BreathifyUITests.framework */; };
		A3774EEA3F571DE47C5779A5 /* Pods_Breathify.framework in Frameworks */ = {isa = PBXBuildFile; fileRef = EE849FB3E37FD798EA5AE03E /* Pods_Breathify.framework */; };
/* End PBXBuildFile section */

/* Begin PBXContainerItemProxy section */
		8986A5521E67941000665557 /* PBXContainerItemProxy */ = {
			isa = PBXContainerItemProxy;
			containerPortal = 8986A5331E67941000665557 /* Project object */;
			proxyType = 1;
			remoteGlobalIDString = 8986A53A1E67941000665557;
			remoteInfo = Breathify;
		};
		8986A55D1E67941100665557 /* PBXContainerItemProxy */ = {
			isa = PBXContainerItemProxy;
			containerPortal = 8986A5331E67941000665557 /* Project object */;
			proxyType = 1;
			remoteGlobalIDString = 8986A53A1E67941000665557;
			remoteInfo = Breathify;
		};
/* End PBXContainerItemProxy section */

/* Begin PBXFileReference section */
		0189FEE3A60CD1BF8D212F79 /* Pods-BreathifyTests.debug.xcconfig */ = {isa = PBXFileReference; includeInIndex = 1; lastKnownFileType = text.xcconfig; name = "Pods-BreathifyTests.debug.xcconfig"; path = "Pods/Target Support Files/Pods-BreathifyTests/Pods-BreathifyTests.debug.xcconfig"; sourceTree = "<group>"; };
		01EAA0ABE24AA7AED5826843 /* Pods_BreathifyTests.framework */ = {isa = PBXFileReference; explicitFileType = wrapper.framework; includeInIndex = 0; path = Pods_BreathifyTests.framework; sourceTree = BUILT_PRODUCTS_DIR; };
		0D5384CA1A75B4D11D9D7B9E /* Pods-BreathifyTests.release.xcconfig */ = {isa = PBXFileReference; includeInIndex = 1; lastKnownFileType = text.xcconfig; name = "Pods-BreathifyTests.release.xcconfig"; path = "Pods/Target Support Files/Pods-BreathifyTests/Pods-BreathifyTests.release.xcconfig"; sourceTree = "<group>"; };
		323C840EC0BF886126ADD051 /* Pods-BreathifyUITests.release.xcconfig */ = {isa = PBXFileReference; includeInIndex = 1; lastKnownFileType = text.xcconfig; name = "Pods-BreathifyUITests.release.xcconfig"; path = "Pods/Target Support Files/Pods-BreathifyUITests/Pods-BreathifyUITests.release.xcconfig"; sourceTree = "<group>"; };
		59372572964400DE23160A7B /* Pods-Breathify.debug.xcconfig */ = {isa = PBXFileReference; includeInIndex = 1; lastKnownFileType = text.xcconfig; name = "Pods-Breathify.debug.xcconfig"; path = "Pods/Target Support Files/Pods-Breathify/Pods-Breathify.debug.xcconfig"; sourceTree = "<group>"; };
		891317831E6D3D1600C11D71 /* ExerciseCell.swift */ = {isa = PBXFileReference; fileEncoding = 4; lastKnownFileType = sourcecode.swift; path = ExerciseCell.swift; sourceTree = "<group>"; };
		891317851E6D429F00C11D71 /* ExerciseViewController.swift */ = {isa = PBXFileReference; fileEncoding = 4; lastKnownFileType = sourcecode.swift; path = ExerciseViewController.swift; sourceTree = "<group>"; };
		891317881E6D570400C11D71 /* Base */ = {isa = PBXFileReference; lastKnownFileType = file.storyboard; name = Base; path = Base.lproj/Main.storyboard; sourceTree = "<group>"; };
		8913178A1E6D5AE600C11D71 /* Exercise.swift */ = {isa = PBXFileReference; fileEncoding = 4; lastKnownFileType = sourcecode.swift; path = Exercise.swift; sourceTree = "<group>"; };
		8913178E1E6D5BA400C11D71 /* Feedback.swift */ = {isa = PBXFileReference; fileEncoding = 4; lastKnownFileType = sourcecode.swift; path = Feedback.swift; sourceTree = "<group>"; };
		891317901E6E322100C11D71 /* TimerBasedViewController.swift */ = {isa = PBXFileReference; fileEncoding = 4; lastKnownFileType = sourcecode.swift; path = TimerBasedViewController.swift; sourceTree = "<group>"; };
		8986A53B1E67941000665557 /* Breathify.app */ = {isa = PBXFileReference; explicitFileType = wrapper.application; includeInIndex = 0; path = Breathify.app; sourceTree = BUILT_PRODUCTS_DIR; };
		8986A53E1E67941000665557 /* AppDelegate.swift */ = {isa = PBXFileReference; lastKnownFileType = sourcecode.swift; path = AppDelegate.swift; sourceTree = "<group>"; };
		8986A5401E67941000665557 /* ExercisesTableViewController.swift */ = {isa = PBXFileReference; lastKnownFileType = sourcecode.swift; path = ExercisesTableViewController.swift; sourceTree = "<group>"; };
		8986A5421E67941000665557 /* ResourcesViewController.swift */ = {isa = PBXFileReference; lastKnownFileType = sourcecode.swift; path = ResourcesViewController.swift; sourceTree = "<group>"; };
		8986A5471E67941000665557 /* Assets.xcassets */ = {isa = PBXFileReference; lastKnownFileType = folder.assetcatalog; path = Assets.xcassets; sourceTree = "<group>"; };
		8986A54A1E67941000665557 /* Base */ = {isa = PBXFileReference; lastKnownFileType = file.storyboard; name = Base; path = Base.lproj/LaunchScreen.storyboard; sourceTree = "<group>"; };
		8986A54C1E67941000665557 /* Info.plist */ = {isa = PBXFileReference; lastKnownFileType = text.plist.xml; path = Info.plist; sourceTree = "<group>"; };
		8986A5511E67941000665557 /* BreathifyTests.xctest */ = {isa = PBXFileReference; explicitFileType = wrapper.cfbundle; includeInIndex = 0; path = BreathifyTests.xctest; sourceTree = BUILT_PRODUCTS_DIR; };
		8986A5551E67941100665557 /* BreathifyTests.swift */ = {isa = PBXFileReference; lastKnownFileType = sourcecode.swift; path = BreathifyTests.swift; sourceTree = "<group>"; };
		8986A5571E67941100665557 /* Info.plist */ = {isa = PBXFileReference; lastKnownFileType = text.plist.xml; path = Info.plist; sourceTree = "<group>"; };
		8986A55C1E67941100665557 /* BreathifyUITests.xctest */ = {isa = PBXFileReference; explicitFileType = wrapper.cfbundle; includeInIndex = 0; path = BreathifyUITests.xctest; sourceTree = BUILT_PRODUCTS_DIR; };
		8986A5601E67941100665557 /* BreathifyUITests.swift */ = {isa = PBXFileReference; lastKnownFileType = sourcecode.swift; path = BreathifyUITests.swift; sourceTree = "<group>"; };
		8986A5621E67941100665557 /* Info.plist */ = {isa = PBXFileReference; lastKnownFileType = text.plist.xml; path = Info.plist; sourceTree = "<group>"; };
		9688F3A31E91B52F008A7690 /* breath.mp3 */ = {isa = PBXFileReference; lastKnownFileType = audio.mp3; path = breath.mp3; sourceTree = "<group>"; };
		9688F3A41E91B52F008A7690 /* hold.mp3 */ = {isa = PBXFileReference; lastKnownFileType = audio.mp3; path = hold.mp3; sourceTree = "<group>"; };
		9688F3A51E91B52F008A7690 /* out.mp3 */ = {isa = PBXFileReference; lastKnownFileType = audio.mp3; path = out.mp3; sourceTree = "<group>"; };
		96AA84061E8E344A005F2BDC /* 0.mp3 */ = {isa = PBXFileReference; lastKnownFileType = audio.mp3; path = 0.mp3; sourceTree = "<group>"; };
		96AA840A1E8E3E57005F2BDC /* zero.mp3 */ = {isa = PBXFileReference; lastKnownFileType = audio.mp3; path = zero.mp3; sourceTree = "<group>"; };
		96AA840C1E8E3FC8005F2BDC /* one.mp3 */ = {isa = PBXFileReference; lastKnownFileType = audio.mp3; path = one.mp3; sourceTree = "<group>"; };
		96AA840E1E8E4600005F2BDC /* three.mp3 */ = {isa = PBXFileReference; lastKnownFileType = audio.mp3; path = three.mp3; sourceTree = "<group>"; };
		96AA840F1E8E4600005F2BDC /* seven.mp3 */ = {isa = PBXFileReference; lastKnownFileType = audio.mp3; path = seven.mp3; sourceTree = "<group>"; };
		96AA84101E8E4600005F2BDC /* six.mp3 */ = {isa = PBXFileReference; lastKnownFileType = audio.mp3; path = six.mp3; sourceTree = "<group>"; };
		96AA84111E8E4600005F2BDC /* five.mp3 */ = {isa = PBXFileReference; lastKnownFileType = audio.mp3; path = five.mp3; sourceTree = "<group>"; };
		96AA84121E8E4600005F2BDC /* two.mp3 */ = {isa = PBXFileReference; lastKnownFileType = audio.mp3; path = two.mp3; sourceTree = "<group>"; };
		96AA84131E8E4600005F2BDC /* eight.mp3 */ = {isa = PBXFileReference; lastKnownFileType = audio.mp3; path = eight.mp3; sourceTree = "<group>"; };
		96AA84141E8E4600005F2BDC /* four.mp3 */ = {isa = PBXFileReference; lastKnownFileType = audio.mp3; path = four.mp3; sourceTree = "<group>"; };
		96B699181E81EC9D0055716D /* TimerModeViewController.swift */ = {isa = PBXFileReference; fileEncoding = 4; lastKnownFileType = sourcecode.swift; path = TimerModeViewController.swift; sourceTree = "<group>"; };
		96B6991A1E81F1790055716D /* TimerBasedNormalMode.swift */ = {isa = PBXFileReference; fileEncoding = 4; lastKnownFileType = sourcecode.swift; path = TimerBasedNormalMode.swift; sourceTree = "<group>"; };
		9B4DD2881E8C7F78004735B6 /* newUserViewController.swift */ = {isa = PBXFileReference; fileEncoding = 4; lastKnownFileType = sourcecode.swift; path = newUserViewController.swift; sourceTree = "<group>"; };
		9BC81FF21E9027FE000AABDC /* FriendsListTableViewController.swift */ = {isa = PBXFileReference; fileEncoding = 4; lastKnownFileType = sourcecode.swift; path = FriendsListTableViewController.swift; sourceTree = "<group>"; };
		9BC81FF41E905319000AABDC /* FriendsListTableViewCell.swift */ = {isa = PBXFileReference; fileEncoding = 4; lastKnownFileType = sourcecode.swift; path = FriendsListTableViewCell.swift; sourceTree = "<group>"; };
		9BC81FF61E9069AE000AABDC /* FriendDetailViewController.swift */ = {isa = PBXFileReference; fileEncoding = 4; lastKnownFileType = sourcecode.swift; path = FriendDetailViewController.swift; sourceTree = "<group>"; };
		9BC9ED441E833D260032C8E5 /* LoginViewController.swift */ = {isa = PBXFileReference; fileEncoding = 4; lastKnownFileType = sourcecode.swift; path = LoginViewController.swift; sourceTree = "<group>"; };
		9BC9ED451E833D260032C8E5 /* ProfileViewController.swift */ = {isa = PBXFileReference; fileEncoding = 4; lastKnownFileType = sourcecode.swift; path = ProfileViewController.swift; sourceTree = "<group>"; };
		9BC9ED461E833D260032C8E5 /* UserSelectViewController.swift */ = {isa = PBXFileReference; fileEncoding = 4; lastKnownFileType = sourcecode.swift; path = UserSelectViewController.swift; sourceTree = "<group>"; };
		9BC9ED471E833D260032C8E5 /* TabViewController.swift */ = {isa = PBXFileReference; fileEncoding = 4; lastKnownFileType = sourcecode.swift; path = TabViewController.swift; sourceTree = "<group>"; };
		9BC9ED4C1E833D370032C8E5 /* CreateOnlineUserViewController.swift */ = {isa = PBXFileReference; fileEncoding = 4; lastKnownFileType = sourcecode.swift; path = CreateOnlineUserViewController.swift; sourceTree = "<group>"; };
		9BC9ED4D1E833D370032C8E5 /* EditProfileViewController.swift */ = {isa = PBXFileReference; fileEncoding = 4; lastKnownFileType = sourcecode.swift; path = EditProfileViewController.swift; sourceTree = "<group>"; };
		9BC9ED501E833DC10032C8E5 /* UserCollectionViewCell.swift */ = {isa = PBXFileReference; fileEncoding = 4; lastKnownFileType = sourcecode.swift; path = UserCollectionViewCell.swift; sourceTree = "<group>"; };
		9BC9ED511E833DC10032C8E5 /* UserProfile.swift */ = {isa = PBXFileReference; fileEncoding = 4; lastKnownFileType = sourcecode.swift; path = UserProfile.swift; sourceTree = "<group>"; };
		9BC9ED541E833E400032C8E5 /* GoogleService-Info.plist */ = {isa = PBXFileReference; fileEncoding = 4; lastKnownFileType = text.plist.xml; path = "GoogleService-Info.plist"; sourceTree = "<group>"; };
		AEFEE57CCE61EA1C879F7063 /* Pods-Breathify.release.xcconfig */ = {isa = PBXFileReference; includeInIndex = 1; lastKnownFileType = text.xcconfig; name = "Pods-Breathify.release.xcconfig"; path = "Pods/Target Support Files/Pods-Breathify/Pods-Breathify.release.xcconfig"; sourceTree = "<group>"; };
		B4C9C2CA60FCC53CCEE40FAF /* Pods_BreathifyUITests.framework */ = {isa = PBXFileReference; explicitFileType = wrapper.framework; includeInIndex = 0; path = Pods_BreathifyUITests.framework; sourceTree = BUILT_PRODUCTS_DIR; };
		BF9C6F899DE743A1D06BB043 /* Pods-BreathifyUITests.debug.xcconfig */ = {isa = PBXFileReference; includeInIndex = 1; lastKnownFileType = text.xcconfig; name = "Pods-BreathifyUITests.debug.xcconfig"; path = "Pods/Target Support Files/Pods-BreathifyUITests/Pods-BreathifyUITests.debug.xcconfig"; sourceTree = "<group>"; };
		EE849FB3E37FD798EA5AE03E /* Pods_Breathify.framework */ = {isa = PBXFileReference; explicitFileType = wrapper.framework; includeInIndex = 0; path = Pods_Breathify.framework; sourceTree = BUILT_PRODUCTS_DIR; };
/* End PBXFileReference section */

/* Begin PBXFrameworksBuildPhase section */
		8986A5381E67941000665557 /* Frameworks */ = {
			isa = PBXFrameworksBuildPhase;
			buildActionMask = 2147483647;
			files = (
				A3774EEA3F571DE47C5779A5 /* Pods_Breathify.framework in Frameworks */,
			);
			runOnlyForDeploymentPostprocessing = 0;
		};
		8986A54E1E67941000665557 /* Frameworks */ = {
			isa = PBXFrameworksBuildPhase;
			buildActionMask = 2147483647;
			files = (
				820B783672B35245464ED730 /* Pods_BreathifyTests.framework in Frameworks */,
			);
			runOnlyForDeploymentPostprocessing = 0;
		};
		8986A5591E67941100665557 /* Frameworks */ = {
			isa = PBXFrameworksBuildPhase;
			buildActionMask = 2147483647;
			files = (
				A26FD11593EF697322529E23 /* Pods_BreathifyUITests.framework in Frameworks */,
			);
			runOnlyForDeploymentPostprocessing = 0;
		};
/* End PBXFrameworksBuildPhase section */

/* Begin PBXGroup section */
		6D24ACF3F2F95C7EFACEF8CE /* Frameworks */ = {
			isa = PBXGroup;
			children = (
				EE849FB3E37FD798EA5AE03E /* Pods_Breathify.framework */,
				01EAA0ABE24AA7AED5826843 /* Pods_BreathifyTests.framework */,
				B4C9C2CA60FCC53CCEE40FAF /* Pods_BreathifyUITests.framework */,
			);
			name = Frameworks;
			sourceTree = "<group>";
		};
		8986A5321E67941000665557 = {
			isa = PBXGroup;
			children = (
				8986A53D1E67941000665557 /* Breathify */,
				8986A5541E67941100665557 /* BreathifyTests */,
				8986A55F1E67941100665557 /* BreathifyUITests */,
				8986A53C1E67941000665557 /* Products */,
				C02A9AE2186BD20ECB1C2118 /* Pods */,
				6D24ACF3F2F95C7EFACEF8CE /* Frameworks */,
			);
			sourceTree = "<group>";
		};
		8986A53C1E67941000665557 /* Products */ = {
			isa = PBXGroup;
			children = (
				8986A53B1E67941000665557 /* Breathify.app */,
				8986A5511E67941000665557 /* BreathifyTests.xctest */,
				8986A55C1E67941100665557 /* BreathifyUITests.xctest */,
			);
			name = Products;
			sourceTree = "<group>";
		};
		8986A53D1E67941000665557 /* Breathify */ = {
			isa = PBXGroup;
			children = (
				9B68F4851E85E77500DE1E36 /* Controllers */,
				8986A53E1E67941000665557 /* AppDelegate.swift */,
				8913178A1E6D5AE600C11D71 /* Exercise.swift */,
				891317831E6D3D1600C11D71 /* ExerciseCell.swift */,
				8913178E1E6D5BA400C11D71 /* Feedback.swift */,
				9BC81FF41E905319000AABDC /* FriendsListTableViewCell.swift */,
				96B6991A1E81F1790055716D /* TimerBasedNormalMode.swift */,
				9BC9ED501E833DC10032C8E5 /* UserCollectionViewCell.swift */,
				9BC9ED511E833DC10032C8E5 /* UserProfile.swift */,
				8986A5471E67941000665557 /* Assets.xcassets */,
				891317871E6D570400C11D71 /* Main.storyboard */,
				8986A5491E67941000665557 /* LaunchScreen.storyboard */,
				9BC9ED541E833E400032C8E5 /* GoogleService-Info.plist */,
				8986A54C1E67941000665557 /* Info.plist */,
				96AA84051E8E3428005F2BDC /* sound */,
			);
			path = Breathify;
			sourceTree = "<group>";
		};
		8986A5541E67941100665557 /* BreathifyTests */ = {
			isa = PBXGroup;
			children = (
				8986A5551E67941100665557 /* BreathifyTests.swift */,
				8986A5571E67941100665557 /* Info.plist */,
			);
			path = BreathifyTests;
			sourceTree = "<group>";
		};
		8986A55F1E67941100665557 /* BreathifyUITests */ = {
			isa = PBXGroup;
			children = (
				8986A5601E67941100665557 /* BreathifyUITests.swift */,
				8986A5621E67941100665557 /* Info.plist */,
			);
			path = BreathifyUITests;
			sourceTree = "<group>";
		};
		96AA84051E8E3428005F2BDC /* sound */ = {
			isa = PBXGroup;
			children = (
				9688F3A31E91B52F008A7690 /* breath.mp3 */,
				9688F3A41E91B52F008A7690 /* hold.mp3 */,
				9688F3A51E91B52F008A7690 /* out.mp3 */,
				96AA840E1E8E4600005F2BDC /* three.mp3 */,
				96AA840F1E8E4600005F2BDC /* seven.mp3 */,
				96AA84101E8E4600005F2BDC /* six.mp3 */,
				96AA84111E8E4600005F2BDC /* five.mp3 */,
				96AA84121E8E4600005F2BDC /* two.mp3 */,
				96AA84131E8E4600005F2BDC /* eight.mp3 */,
				96AA84141E8E4600005F2BDC /* four.mp3 */,
				96AA840C1E8E3FC8005F2BDC /* one.mp3 */,
				96AA840A1E8E3E57005F2BDC /* zero.mp3 */,
				96AA84061E8E344A005F2BDC /* 0.mp3 */,
			);
			name = sound;
			sourceTree = "<group>";
		};
		9B68F4851E85E77500DE1E36 /* Controllers */ = {
			isa = PBXGroup;
			children = (
				9BC9ED4C1E833D370032C8E5 /* CreateOnlineUserViewController.swift */,
				9BC9ED4D1E833D370032C8E5 /* EditProfileViewController.swift */,
				891317851E6D429F00C11D71 /* ExerciseViewController.swift */,
				8986A5401E67941000665557 /* ExercisesTableViewController.swift */,
				9BC81FF61E9069AE000AABDC /* FriendDetailViewController.swift */,
				9BC81FF21E9027FE000AABDC /* FriendsListTableViewController.swift */,
				9BC9ED441E833D260032C8E5 /* LoginViewController.swift */,
				9B4DD2881E8C7F78004735B6 /* newUserViewController.swift */,
				9BC9ED451E833D260032C8E5 /* ProfileViewController.swift */,
				8986A5421E67941000665557 /* ResourcesViewController.swift */,
				9BC9ED471E833D260032C8E5 /* TabViewController.swift */,
				891317901E6E322100C11D71 /* TimerBasedViewController.swift */,
				96B699181E81EC9D0055716D /* TimerModeViewController.swift */,
				9BC9ED461E833D260032C8E5 /* UserSelectViewController.swift */,
			);
			name = Controllers;
			sourceTree = "<group>";
		};
		C02A9AE2186BD20ECB1C2118 /* Pods */ = {
			isa = PBXGroup;
			children = (
				59372572964400DE23160A7B /* Pods-Breathify.debug.xcconfig */,
				AEFEE57CCE61EA1C879F7063 /* Pods-Breathify.release.xcconfig */,
				0189FEE3A60CD1BF8D212F79 /* Pods-BreathifyTests.debug.xcconfig */,
				0D5384CA1A75B4D11D9D7B9E /* Pods-BreathifyTests.release.xcconfig */,
				BF9C6F899DE743A1D06BB043 /* Pods-BreathifyUITests.debug.xcconfig */,
				323C840EC0BF886126ADD051 /* Pods-BreathifyUITests.release.xcconfig */,
			);
			name = Pods;
			sourceTree = "<group>";
		};
/* End PBXGroup section */

/* Begin PBXNativeTarget section */
		8986A53A1E67941000665557 /* Breathify */ = {
			isa = PBXNativeTarget;
			buildConfigurationList = 8986A5651E67941100665557 /* Build configuration list for PBXNativeTarget "Breathify" */;
			buildPhases = (
				FAA953881C00660A985CBBD6 /* [CP] Check Pods Manifest.lock */,
				8986A5371E67941000665557 /* Sources */,
				8986A5381E67941000665557 /* Frameworks */,
				8986A5391E67941000665557 /* Resources */,
				05D6C1CD7BABA4F4AF81FF18 /* [CP] Embed Pods Frameworks */,
				9492F57C3144E3496A2D2B51 /* [CP] Copy Pods Resources */,
			);
			buildRules = (
			);
			dependencies = (
			);
			name = Breathify;
			productName = Breathify;
			productReference = 8986A53B1E67941000665557 /* Breathify.app */;
			productType = "com.apple.product-type.application";
		};
		8986A5501E67941000665557 /* BreathifyTests */ = {
			isa = PBXNativeTarget;
			buildConfigurationList = 8986A5681E67941100665557 /* Build configuration list for PBXNativeTarget "BreathifyTests" */;
			buildPhases = (
				848C32475341DD43C35A2279 /* [CP] Check Pods Manifest.lock */,
				8986A54D1E67941000665557 /* Sources */,
				8986A54E1E67941000665557 /* Frameworks */,
				8986A54F1E67941000665557 /* Resources */,
				1C0515FE43895A806BE92E2C /* [CP] Embed Pods Frameworks */,
				50C966F7933E207C5DF761D4 /* [CP] Copy Pods Resources */,
			);
			buildRules = (
			);
			dependencies = (
				8986A5531E67941000665557 /* PBXTargetDependency */,
			);
			name = BreathifyTests;
			productName = BreathifyTests;
			productReference = 8986A5511E67941000665557 /* BreathifyTests.xctest */;
			productType = "com.apple.product-type.bundle.unit-test";
		};
		8986A55B1E67941100665557 /* BreathifyUITests */ = {
			isa = PBXNativeTarget;
			buildConfigurationList = 8986A56B1E67941100665557 /* Build configuration list for PBXNativeTarget "BreathifyUITests" */;
			buildPhases = (
				C76FFB8A800263DD4024068F /* [CP] Check Pods Manifest.lock */,
				8986A5581E67941100665557 /* Sources */,
				8986A5591E67941100665557 /* Frameworks */,
				8986A55A1E67941100665557 /* Resources */,
				6C0E44A45ECEDA3020854712 /* [CP] Embed Pods Frameworks */,
				0491F68C868E582CF21C2E83 /* [CP] Copy Pods Resources */,
			);
			buildRules = (
			);
			dependencies = (
				8986A55E1E67941100665557 /* PBXTargetDependency */,
			);
			name = BreathifyUITests;
			productName = BreathifyUITests;
			productReference = 8986A55C1E67941100665557 /* BreathifyUITests.xctest */;
			productType = "com.apple.product-type.bundle.ui-testing";
		};
/* End PBXNativeTarget section */

/* Begin PBXProject section */
		8986A5331E67941000665557 /* Project object */ = {
			isa = PBXProject;
			attributes = {
				LastSwiftUpdateCheck = 0820;
				LastUpgradeCheck = 0820;
				ORGANIZATIONNAME = "Group Nein";
				TargetAttributes = {
					8986A53A1E67941000665557 = {
						CreatedOnToolsVersion = 8.2.1;
						DevelopmentTeam = Q76PV6YA7W;
						ProvisioningStyle = Automatic;
					};
					8986A5501E67941000665557 = {
						CreatedOnToolsVersion = 8.2.1;
						ProvisioningStyle = Automatic;
						TestTargetID = 8986A53A1E67941000665557;
					};
					8986A55B1E67941100665557 = {
						CreatedOnToolsVersion = 8.2.1;
						ProvisioningStyle = Automatic;
						TestTargetID = 8986A53A1E67941000665557;
					};
				};
			};
			buildConfigurationList = 8986A5361E67941000665557 /* Build configuration list for PBXProject "Breathify" */;
			compatibilityVersion = "Xcode 3.2";
			developmentRegion = English;
			hasScannedForEncodings = 0;
			knownRegions = (
				en,
				Base,
			);
			mainGroup = 8986A5321E67941000665557;
			productRefGroup = 8986A53C1E67941000665557 /* Products */;
			projectDirPath = "";
			projectRoot = "";
			targets = (
				8986A53A1E67941000665557 /* Breathify */,
				8986A5501E67941000665557 /* BreathifyTests */,
				8986A55B1E67941100665557 /* BreathifyUITests */,
			);
		};
/* End PBXProject section */

/* Begin PBXResourcesBuildPhase section */
		8986A5391E67941000665557 /* Resources */ = {
			isa = PBXResourcesBuildPhase;
			buildActionMask = 2147483647;
			files = (
				891317891E6D570400C11D71 /* Main.storyboard in Resources */,
				96AA84181E8E4600005F2BDC /* five.mp3 in Resources */,
				96AA84171E8E4600005F2BDC /* six.mp3 in Resources */,
				96AA84191E8E4600005F2BDC /* two.mp3 in Resources */,
				96AA84161E8E4600005F2BDC /* seven.mp3 in Resources */,
				96AA84071E8E344A005F2BDC /* 0.mp3 in Resources */,
				96AA841A1E8E4600005F2BDC /* eight.mp3 in Resources */,
				96AA840B1E8E3E57005F2BDC /* zero.mp3 in Resources */,
				96AA841B1E8E4600005F2BDC /* four.mp3 in Resources */,
				9BC9ED551E833E400032C8E5 /* GoogleService-Info.plist in Resources */,
				96AA840D1E8E3FC8005F2BDC /* one.mp3 in Resources */,
				9688F3A61E91B52F008A7690 /* breath.mp3 in Resources */,
				8986A54B1E67941000665557 /* LaunchScreen.storyboard in Resources */,
				9688F3A81E91B52F008A7690 /* out.mp3 in Resources */,
				9688F3A71E91B52F008A7690 /* hold.mp3 in Resources */,
				8986A5481E67941000665557 /* Assets.xcassets in Resources */,
				96AA84151E8E4600005F2BDC /* three.mp3 in Resources */,
			);
			runOnlyForDeploymentPostprocessing = 0;
		};
		8986A54F1E67941000665557 /* Resources */ = {
			isa = PBXResourcesBuildPhase;
			buildActionMask = 2147483647;
			files = (
			);
			runOnlyForDeploymentPostprocessing = 0;
		};
		8986A55A1E67941100665557 /* Resources */ = {
			isa = PBXResourcesBuildPhase;
			buildActionMask = 2147483647;
			files = (
			);
			runOnlyForDeploymentPostprocessing = 0;
		};
/* End PBXResourcesBuildPhase section */

/* Begin PBXShellScriptBuildPhase section */
		0491F68C868E582CF21C2E83 /* [CP] Copy Pods Resources */ = {
			isa = PBXShellScriptBuildPhase;
			buildActionMask = 2147483647;
			files = (
			);
			inputPaths = (
			);
			name = "[CP] Copy Pods Resources";
			outputPaths = (
			);
			runOnlyForDeploymentPostprocessing = 0;
			shellPath = /bin/sh;
			shellScript = "\"${SRCROOT}/Pods/Target Support Files/Pods-BreathifyUITests/Pods-BreathifyUITests-resources.sh\"\n";
			showEnvVarsInLog = 0;
		};
		05D6C1CD7BABA4F4AF81FF18 /* [CP] Embed Pods Frameworks */ = {
			isa = PBXShellScriptBuildPhase;
			buildActionMask = 2147483647;
			files = (
			);
			inputPaths = (
			);
			name = "[CP] Embed Pods Frameworks";
			outputPaths = (
			);
			runOnlyForDeploymentPostprocessing = 0;
			shellPath = /bin/sh;
			shellScript = "\"${SRCROOT}/Pods/Target Support Files/Pods-Breathify/Pods-Breathify-frameworks.sh\"\n";
			showEnvVarsInLog = 0;
		};
		1C0515FE43895A806BE92E2C /* [CP] Embed Pods Frameworks */ = {
			isa = PBXShellScriptBuildPhase;
			buildActionMask = 2147483647;
			files = (
			);
			inputPaths = (
			);
			name = "[CP] Embed Pods Frameworks";
			outputPaths = (
			);
			runOnlyForDeploymentPostprocessing = 0;
			shellPath = /bin/sh;
			shellScript = "\"${SRCROOT}/Pods/Target Support Files/Pods-BreathifyTests/Pods-BreathifyTests-frameworks.sh\"\n";
			showEnvVarsInLog = 0;
		};
		50C966F7933E207C5DF761D4 /* [CP] Copy Pods Resources */ = {
			isa = PBXShellScriptBuildPhase;
			buildActionMask = 2147483647;
			files = (
			);
			inputPaths = (
			);
			name = "[CP] Copy Pods Resources";
			outputPaths = (
			);
			runOnlyForDeploymentPostprocessing = 0;
			shellPath = /bin/sh;
			shellScript = "\"${SRCROOT}/Pods/Target Support Files/Pods-BreathifyTests/Pods-BreathifyTests-resources.sh\"\n";
			showEnvVarsInLog = 0;
		};
		6C0E44A45ECEDA3020854712 /* [CP] Embed Pods Frameworks */ = {
			isa = PBXShellScriptBuildPhase;
			buildActionMask = 2147483647;
			files = (
			);
			inputPaths = (
			);
			name = "[CP] Embed Pods Frameworks";
			outputPaths = (
			);
			runOnlyForDeploymentPostprocessing = 0;
			shellPath = /bin/sh;
			shellScript = "\"${SRCROOT}/Pods/Target Support Files/Pods-BreathifyUITests/Pods-BreathifyUITests-frameworks.sh\"\n";
			showEnvVarsInLog = 0;
		};
		848C32475341DD43C35A2279 /* [CP] Check Pods Manifest.lock */ = {
			isa = PBXShellScriptBuildPhase;
			buildActionMask = 2147483647;
			files = (
			);
			inputPaths = (
			);
			name = "[CP] Check Pods Manifest.lock";
			outputPaths = (
			);
			runOnlyForDeploymentPostprocessing = 0;
			shellPath = /bin/sh;
			shellScript = "diff \"${PODS_ROOT}/../Podfile.lock\" \"${PODS_ROOT}/Manifest.lock\" > /dev/null\nif [ $? != 0 ] ; then\n    # print error to STDERR\n    echo \"error: The sandbox is not in sync with the Podfile.lock. Run 'pod install' or update your CocoaPods installation.\" >&2\n    exit 1\nfi\n";
			showEnvVarsInLog = 0;
		};
		9492F57C3144E3496A2D2B51 /* [CP] Copy Pods Resources */ = {
			isa = PBXShellScriptBuildPhase;
			buildActionMask = 2147483647;
			files = (
			);
			inputPaths = (
			);
			name = "[CP] Copy Pods Resources";
			outputPaths = (
			);
			runOnlyForDeploymentPostprocessing = 0;
			shellPath = /bin/sh;
			shellScript = "\"${SRCROOT}/Pods/Target Support Files/Pods-Breathify/Pods-Breathify-resources.sh\"\n";
			showEnvVarsInLog = 0;
		};
		C76FFB8A800263DD4024068F /* [CP] Check Pods Manifest.lock */ = {
			isa = PBXShellScriptBuildPhase;
			buildActionMask = 2147483647;
			files = (
			);
			inputPaths = (
			);
			name = "[CP] Check Pods Manifest.lock";
			outputPaths = (
			);
			runOnlyForDeploymentPostprocessing = 0;
			shellPath = /bin/sh;
			shellScript = "diff \"${PODS_ROOT}/../Podfile.lock\" \"${PODS_ROOT}/Manifest.lock\" > /dev/null\nif [ $? != 0 ] ; then\n    # print error to STDERR\n    echo \"error: The sandbox is not in sync with the Podfile.lock. Run 'pod install' or update your CocoaPods installation.\" >&2\n    exit 1\nfi\n";
			showEnvVarsInLog = 0;
		};
		FAA953881C00660A985CBBD6 /* [CP] Check Pods Manifest.lock */ = {
			isa = PBXShellScriptBuildPhase;
			buildActionMask = 2147483647;
			files = (
			);
			inputPaths = (
			);
			name = "[CP] Check Pods Manifest.lock";
			outputPaths = (
			);
			runOnlyForDeploymentPostprocessing = 0;
			shellPath = /bin/sh;
			shellScript = "diff \"${PODS_ROOT}/../Podfile.lock\" \"${PODS_ROOT}/Manifest.lock\" > /dev/null\nif [ $? != 0 ] ; then\n    # print error to STDERR\n    echo \"error: The sandbox is not in sync with the Podfile.lock. Run 'pod install' or update your CocoaPods installation.\" >&2\n    exit 1\nfi\n";
			showEnvVarsInLog = 0;
		};
/* End PBXShellScriptBuildPhase section */

/* Begin PBXSourcesBuildPhase section */
		8986A5371E67941000665557 /* Sources */ = {
			isa = PBXSourcesBuildPhase;
			buildActionMask = 2147483647;
			files = (
				9BC9ED4F1E833D370032C8E5 /* EditProfileViewController.swift in Sources */,
				8986A5431E67941000665557 /* ResourcesViewController.swift in Sources */,
				9BC81FF71E9069AE000AABDC /* FriendDetailViewController.swift in Sources */,
				891317861E6D429F00C11D71 /* ExerciseViewController.swift in Sources */,
				891317841E6D3D1600C11D71 /* ExerciseCell.swift in Sources */,
				8986A53F1E67941000665557 /* AppDelegate.swift in Sources */,
				8986A5411E67941000665557 /* ExercisesTableViewController.swift in Sources */,
				9BC9ED4E1E833D370032C8E5 /* CreateOnlineUserViewController.swift in Sources */,
				9BC9ED4A1E833D260032C8E5 /* UserSelectViewController.swift in Sources */,
				9B4DD2891E8C7F78004735B6 /* newUserViewController.swift in Sources */,
				9BC9ED531E833DC10032C8E5 /* UserProfile.swift in Sources */,
				96B6991B1E81F1790055716D /* TimerBasedNormalMode.swift in Sources */,
				9BC9ED491E833D260032C8E5 /* ProfileViewController.swift in Sources */,
				9BC81FF51E905319000AABDC /* FriendsListTableViewCell.swift in Sources */,
				9BC9ED521E833DC10032C8E5 /* UserCollectionViewCell.swift in Sources */,
				891317911E6E322100C11D71 /* TimerBasedViewController.swift in Sources */,
				8913178F1E6D5BA400C11D71 /* Feedback.swift in Sources */,
				96B699191E81EC9D0055716D /* TimerModeViewController.swift in Sources */,
				8913178B1E6D5AE600C11D71 /* Exercise.swift in Sources */,
				9BC81FF31E9027FE000AABDC /* FriendsListTableViewController.swift in Sources */,
				9BC9ED4B1E833D260032C8E5 /* TabViewController.swift in Sources */,
				9BC9ED481E833D260032C8E5 /* LoginViewController.swift in Sources */,
			);
			runOnlyForDeploymentPostprocessing = 0;
		};
		8986A54D1E67941000665557 /* Sources */ = {
			isa = PBXSourcesBuildPhase;
			buildActionMask = 2147483647;
			files = (
				8986A5561E67941100665557 /* BreathifyTests.swift in Sources */,
			);
			runOnlyForDeploymentPostprocessing = 0;
		};
		8986A5581E67941100665557 /* Sources */ = {
			isa = PBXSourcesBuildPhase;
			buildActionMask = 2147483647;
			files = (
				8986A5611E67941100665557 /* BreathifyUITests.swift in Sources */,
			);
			runOnlyForDeploymentPostprocessing = 0;
		};
/* End PBXSourcesBuildPhase section */

/* Begin PBXTargetDependency section */
		8986A5531E67941000665557 /* PBXTargetDependency */ = {
			isa = PBXTargetDependency;
			target = 8986A53A1E67941000665557 /* Breathify */;
			targetProxy = 8986A5521E67941000665557 /* PBXContainerItemProxy */;
		};
		8986A55E1E67941100665557 /* PBXTargetDependency */ = {
			isa = PBXTargetDependency;
			target = 8986A53A1E67941000665557 /* Breathify */;
			targetProxy = 8986A55D1E67941100665557 /* PBXContainerItemProxy */;
		};
/* End PBXTargetDependency section */

/* Begin PBXVariantGroup section */
		891317871E6D570400C11D71 /* Main.storyboard */ = {
			isa = PBXVariantGroup;
			children = (
				891317881E6D570400C11D71 /* Base */,
			);
			name = Main.storyboard;
			sourceTree = "<group>";
		};
		8986A5491E67941000665557 /* LaunchScreen.storyboard */ = {
			isa = PBXVariantGroup;
			children = (
				8986A54A1E67941000665557 /* Base */,
			);
			name = LaunchScreen.storyboard;
			sourceTree = "<group>";
		};
/* End PBXVariantGroup section */

/* Begin XCBuildConfiguration section */
		8986A5631E67941100665557 /* Debug */ = {
			isa = XCBuildConfiguration;
			buildSettings = {
				ALWAYS_SEARCH_USER_PATHS = NO;
				CLANG_ANALYZER_NONNULL = YES;
				CLANG_CXX_LANGUAGE_STANDARD = "gnu++0x";
				CLANG_CXX_LIBRARY = "libc++";
				CLANG_ENABLE_MODULES = YES;
				CLANG_ENABLE_OBJC_ARC = YES;
				CLANG_WARN_BOOL_CONVERSION = YES;
				CLANG_WARN_CONSTANT_CONVERSION = YES;
				CLANG_WARN_DIRECT_OBJC_ISA_USAGE = YES_ERROR;
				CLANG_WARN_DOCUMENTATION_COMMENTS = YES;
				CLANG_WARN_EMPTY_BODY = YES;
				CLANG_WARN_ENUM_CONVERSION = YES;
				CLANG_WARN_INFINITE_RECURSION = YES;
				CLANG_WARN_INT_CONVERSION = YES;
				CLANG_WARN_OBJC_ROOT_CLASS = YES_ERROR;
				CLANG_WARN_SUSPICIOUS_MOVE = YES;
				CLANG_WARN_UNREACHABLE_CODE = YES;
				CLANG_WARN__DUPLICATE_METHOD_MATCH = YES;
				"CODE_SIGN_IDENTITY[sdk=iphoneos*]" = "iPhone Developer";
				COPY_PHASE_STRIP = NO;
				DEBUG_INFORMATION_FORMAT = dwarf;
				ENABLE_STRICT_OBJC_MSGSEND = YES;
				ENABLE_TESTABILITY = YES;
				GCC_C_LANGUAGE_STANDARD = gnu99;
				GCC_DYNAMIC_NO_PIC = NO;
				GCC_NO_COMMON_BLOCKS = YES;
				GCC_OPTIMIZATION_LEVEL = 0;
				GCC_PREPROCESSOR_DEFINITIONS = (
					"DEBUG=1",
					"$(inherited)",
				);
				GCC_WARN_64_TO_32_BIT_CONVERSION = YES;
				GCC_WARN_ABOUT_RETURN_TYPE = YES_ERROR;
				GCC_WARN_UNDECLARED_SELECTOR = YES;
				GCC_WARN_UNINITIALIZED_AUTOS = YES_AGGRESSIVE;
				GCC_WARN_UNUSED_FUNCTION = YES;
				GCC_WARN_UNUSED_VARIABLE = YES;
				IPHONEOS_DEPLOYMENT_TARGET = 10.2;
				MTL_ENABLE_DEBUG_INFO = YES;
				ONLY_ACTIVE_ARCH = YES;
				SDKROOT = iphoneos;
				SWIFT_ACTIVE_COMPILATION_CONDITIONS = DEBUG;
				SWIFT_OPTIMIZATION_LEVEL = "-Onone";
				TARGETED_DEVICE_FAMILY = "1,2";
			};
			name = Debug;
		};
		8986A5641E67941100665557 /* Release */ = {
			isa = XCBuildConfiguration;
			buildSettings = {
				ALWAYS_SEARCH_USER_PATHS = NO;
				CLANG_ANALYZER_NONNULL = YES;
				CLANG_CXX_LANGUAGE_STANDARD = "gnu++0x";
				CLANG_CXX_LIBRARY = "libc++";
				CLANG_ENABLE_MODULES = YES;
				CLANG_ENABLE_OBJC_ARC = YES;
				CLANG_WARN_BOOL_CONVERSION = YES;
				CLANG_WARN_CONSTANT_CONVERSION = YES;
				CLANG_WARN_DIRECT_OBJC_ISA_USAGE = YES_ERROR;
				CLANG_WARN_DOCUMENTATION_COMMENTS = YES;
				CLANG_WARN_EMPTY_BODY = YES;
				CLANG_WARN_ENUM_CONVERSION = YES;
				CLANG_WARN_INFINITE_RECURSION = YES;
				CLANG_WARN_INT_CONVERSION = YES;
				CLANG_WARN_OBJC_ROOT_CLASS = YES_ERROR;
				CLANG_WARN_SUSPICIOUS_MOVE = YES;
				CLANG_WARN_UNREACHABLE_CODE = YES;
				CLANG_WARN__DUPLICATE_METHOD_MATCH = YES;
				"CODE_SIGN_IDENTITY[sdk=iphoneos*]" = "iPhone Developer";
				COPY_PHASE_STRIP = NO;
				DEBUG_INFORMATION_FORMAT = "dwarf-with-dsym";
				ENABLE_NS_ASSERTIONS = NO;
				ENABLE_STRICT_OBJC_MSGSEND = YES;
				GCC_C_LANGUAGE_STANDARD = gnu99;
				GCC_NO_COMMON_BLOCKS = YES;
				GCC_WARN_64_TO_32_BIT_CONVERSION = YES;
				GCC_WARN_ABOUT_RETURN_TYPE = YES_ERROR;
				GCC_WARN_UNDECLARED_SELECTOR = YES;
				GCC_WARN_UNINITIALIZED_AUTOS = YES_AGGRESSIVE;
				GCC_WARN_UNUSED_FUNCTION = YES;
				GCC_WARN_UNUSED_VARIABLE = YES;
				IPHONEOS_DEPLOYMENT_TARGET = 10.2;
				MTL_ENABLE_DEBUG_INFO = NO;
				SDKROOT = iphoneos;
				SWIFT_OPTIMIZATION_LEVEL = "-Owholemodule";
				TARGETED_DEVICE_FAMILY = "1,2";
				VALIDATE_PRODUCT = YES;
			};
			name = Release;
		};
		8986A5661E67941100665557 /* Debug */ = {
			isa = XCBuildConfiguration;
			baseConfigurationReference = 59372572964400DE23160A7B /* Pods-Breathify.debug.xcconfig */;
			buildSettings = {
				ASSETCATALOG_COMPILER_APPICON_NAME = AppIcon;
				DEVELOPMENT_TEAM = Q76PV6YA7W;
				INFOPLIST_FILE = Breathify/Info.plist;
				LD_RUNPATH_SEARCH_PATHS = "$(inherited) @executable_path/Frameworks";
				PRODUCT_BUNDLE_IDENTIFIER = com.groupnein.Breathify;
				PRODUCT_NAME = "$(TARGET_NAME)";
				SWIFT_VERSION = 3.0;
			};
			name = Debug;
		};
		8986A5671E67941100665557 /* Release */ = {
			isa = XCBuildConfiguration;
			baseConfigurationReference = AEFEE57CCE61EA1C879F7063 /* Pods-Breathify.release.xcconfig */;
			buildSettings = {
				ASSETCATALOG_COMPILER_APPICON_NAME = AppIcon;
				DEVELOPMENT_TEAM = Q76PV6YA7W;
				INFOPLIST_FILE = Breathify/Info.plist;
				LD_RUNPATH_SEARCH_PATHS = "$(inherited) @executable_path/Frameworks";
				PRODUCT_BUNDLE_IDENTIFIER = com.groupnein.Breathify;
				PRODUCT_NAME = "$(TARGET_NAME)";
				SWIFT_VERSION = 3.0;
			};
			name = Release;
		};
		8986A5691E67941100665557 /* Debug */ = {
			isa = XCBuildConfiguration;
			baseConfigurationReference = 0189FEE3A60CD1BF8D212F79 /* Pods-BreathifyTests.debug.xcconfig */;
			buildSettings = {
				ALWAYS_EMBED_SWIFT_STANDARD_LIBRARIES = YES;
				BUNDLE_LOADER = "$(TEST_HOST)";
				INFOPLIST_FILE = BreathifyTests/Info.plist;
				LD_RUNPATH_SEARCH_PATHS = "$(inherited) @executable_path/Frameworks @loader_path/Frameworks";
				PRODUCT_BUNDLE_IDENTIFIER = com.groupnein.BreathifyTests;
				PRODUCT_NAME = "$(TARGET_NAME)";
				SWIFT_VERSION = 3.0;
				TEST_HOST = "$(BUILT_PRODUCTS_DIR)/Breathify.app/Breathify";
			};
			name = Debug;
		};
		8986A56A1E67941100665557 /* Release */ = {
			isa = XCBuildConfiguration;
			baseConfigurationReference = 0D5384CA1A75B4D11D9D7B9E /* Pods-BreathifyTests.release.xcconfig */;
			buildSettings = {
				ALWAYS_EMBED_SWIFT_STANDARD_LIBRARIES = YES;
				BUNDLE_LOADER = "$(TEST_HOST)";
				INFOPLIST_FILE = BreathifyTests/Info.plist;
				LD_RUNPATH_SEARCH_PATHS = "$(inherited) @executable_path/Frameworks @loader_path/Frameworks";
				PRODUCT_BUNDLE_IDENTIFIER = com.groupnein.BreathifyTests;
				PRODUCT_NAME = "$(TARGET_NAME)";
				SWIFT_VERSION = 3.0;
				TEST_HOST = "$(BUILT_PRODUCTS_DIR)/Breathify.app/Breathify";
			};
			name = Release;
		};
		8986A56C1E67941100665557 /* Debug */ = {
			isa = XCBuildConfiguration;
			baseConfigurationReference = BF9C6F899DE743A1D06BB043 /* Pods-BreathifyUITests.debug.xcconfig */;
			buildSettings = {
				ALWAYS_EMBED_SWIFT_STANDARD_LIBRARIES = YES;
				INFOPLIST_FILE = BreathifyUITests/Info.plist;
				LD_RUNPATH_SEARCH_PATHS = "$(inherited) @executable_path/Frameworks @loader_path/Frameworks";
				PRODUCT_BUNDLE_IDENTIFIER = com.groupnein.BreathifyUITests;
				PRODUCT_NAME = "$(TARGET_NAME)";
				SWIFT_VERSION = 3.0;
				TEST_TARGET_NAME = Breathify;
			};
			name = Debug;
		};
		8986A56D1E67941100665557 /* Release */ = {
			isa = XCBuildConfiguration;
			baseConfigurationReference = 323C840EC0BF886126ADD051 /* Pods-BreathifyUITests.release.xcconfig */;
			buildSettings = {
				ALWAYS_EMBED_SWIFT_STANDARD_LIBRARIES = YES;
				INFOPLIST_FILE = BreathifyUITests/Info.plist;
				LD_RUNPATH_SEARCH_PATHS = "$(inherited) @executable_path/Frameworks @loader_path/Frameworks";
				PRODUCT_BUNDLE_IDENTIFIER = com.groupnein.BreathifyUITests;
				PRODUCT_NAME = "$(TARGET_NAME)";
				SWIFT_VERSION = 3.0;
				TEST_TARGET_NAME = Breathify;
			};
			name = Release;
		};
/* End XCBuildConfiguration section */

/* Begin XCConfigurationList section */
		8986A5361E67941000665557 /* Build configuration list for PBXProject "Breathify" */ = {
			isa = XCConfigurationList;
			buildConfigurations = (
				8986A5631E67941100665557 /* Debug */,
				8986A5641E67941100665557 /* Release */,
			);
			defaultConfigurationIsVisible = 0;
			defaultConfigurationName = Release;
		};
		8986A5651E67941100665557 /* Build configuration list for PBXNativeTarget "Breathify" */ = {
			isa = XCConfigurationList;
			buildConfigurations = (
				8986A5661E67941100665557 /* Debug */,
				8986A5671E67941100665557 /* Release */,
			);
			defaultConfigurationIsVisible = 0;
			defaultConfigurationName = Release;
		};
		8986A5681E67941100665557 /* Build configuration list for PBXNativeTarget "BreathifyTests" */ = {
			isa = XCConfigurationList;
			buildConfigurations = (
				8986A5691E67941100665557 /* Debug */,
				8986A56A1E67941100665557 /* Release */,
			);
			defaultConfigurationIsVisible = 0;
			defaultConfigurationName = Release;
		};
		8986A56B1E67941100665557 /* Build configuration list for PBXNativeTarget "BreathifyUITests" */ = {
			isa = XCConfigurationList;
			buildConfigurations = (
				8986A56C1E67941100665557 /* Debug */,
				8986A56D1E67941100665557 /* Release */,
			);
			defaultConfigurationIsVisible = 0;
			defaultConfigurationName = Release;
		};
/* End XCConfigurationList section */
	};
	rootObject = 8986A5331E67941000665557 /* Project object */;
}
